
Microsoft Visual Studio Solution File, Format Version 12.00
# Visual Studio 15
VisualStudioVersion = 15.0.27703.2042
MinimumVisualStudioVersion = 10.0.40219.1
Project("{FAE04EC0-301F-11D3-BF4B-00C04F79EFBC}") = "Exercise2", "Exercise2\Exercise2.csproj", "{BB6B71D4-EA44-4F7E-BD41-9527A3A04AA1}"
EndProject
Global
	GlobalSection(SolutionConfigurationPlatforms) = preSolution
		Debug|Any CPU = Debug|Any CPU
		Release|Any CPU = Release|Any CPU
	EndGlobalSection
	GlobalSection(ProjectConfigurationPlatforms) = postSolution
		{BB6B71D4-EA44-4F7E-BD41-9527A3A04AA1}.Debug|Any CPU.ActiveCfg = Debug|Any CPU
		{BB6B71D4-EA44-4F7E-BD41-9527A3A04AA1}.Debug|Any CPU.Build.0 = Debug|Any CPU
		{BB6B71D4-EA44-4F7E-BD41-9527A3A04AA1}.Release|Any CPU.ActiveCfg = Release|Any CPU
		{BB6B71D4-EA44-4F7E-BD41-9527A3A04AA1}.Release|Any CPU.Build.0 = Release|Any CPU
	EndGlobalSection
	GlobalSection(SolutionProperties) = preSolution
		HideSolutionNode = FALSE
	EndGlobalSection
	GlobalSection(ExtensibilityGlobals) = postSolution
		SolutionGuid = {C7D77FBA-6E41-4043-9C71-095C8BF41D74}
	EndGlobalSection
EndGlobal
