
Microsoft Visual Studio Solution File, Format Version 12.00
# Visual Studio 15
VisualStudioVersion = 15.0.27703.2042
MinimumVisualStudioVersion = 10.0.40219.1
Project("{FAE04EC0-301F-11D3-BF4B-00C04F79EFBC}") = "Exercise1", "Exercise1\Exercise1.csproj", "{A2FF8C5E-CB5E-4A15-9DB6-CEE263576DEC}"
EndProject
Global
	GlobalSection(SolutionConfigurationPlatforms) = preSolution
		Debug|Any CPU = Debug|Any CPU
		Release|Any CPU = Release|Any CPU
	EndGlobalSection
	GlobalSection(ProjectConfigurationPlatforms) = postSolution
		{A2FF8C5E-CB5E-4A15-9DB6-CEE263576DEC}.Debug|Any CPU.ActiveCfg = Debug|Any CPU
		{A2FF8C5E-CB5E-4A15-9DB6-CEE263576DEC}.Debug|Any CPU.Build.0 = Debug|Any CPU
		{A2FF8C5E-CB5E-4A15-9DB6-CEE263576DEC}.Release|Any CPU.ActiveCfg = Release|Any CPU
		{A2FF8C5E-CB5E-4A15-9DB6-CEE263576DEC}.Release|Any CPU.Build.0 = Release|Any CPU
	EndGlobalSection
	GlobalSection(SolutionProperties) = preSolution
		HideSolutionNode = FALSE
	EndGlobalSection
	GlobalSection(ExtensibilityGlobals) = postSolution
		SolutionGuid = {24035C05-17AD-4925-9E27-487A0283FB5E}
	EndGlobalSection
EndGlobal
