
Microsoft Visual Studio Solution File, Format Version 12.00
# Visual Studio 15
VisualStudioVersion = 15.0.27703.2042
MinimumVisualStudioVersion = 10.0.40219.1
Project("{FAE04EC0-301F-11D3-BF4B-00C04F79EFBC}") = "People.Android", "People\People.Android\People.Android.csproj", "{91C63A4E-4589-4C31-B76A-52A8BC9B6F0F}"
EndProject
Project("{FAE04EC0-301F-11D3-BF4B-00C04F79EFBC}") = "People.iOS", "People\People.iOS\People.iOS.csproj", "{A2D78D5C-DE70-4640-9CB4-28543D803477}"
EndProject
Project("{FAE04EC0-301F-11D3-BF4B-00C04F79EFBC}") = "People.UWP", "People\People.UWP\People.UWP.csproj", "{6C494E1E-46BC-45D7-8725-1BE81E872AEF}"
EndProject
Project("{FAE04EC0-301F-11D3-BF4B-00C04F79EFBC}") = "People", "People\People\People.csproj", "{F74909A5-156E-45F7-923E-32106D96E453}"
EndProject
Global
	GlobalSection(SolutionConfigurationPlatforms) = preSolution
		Ad-Hoc|Any CPU = Ad-Hoc|Any CPU
		Ad-Hoc|ARM = Ad-Hoc|ARM
		Ad-Hoc|iPhone = Ad-Hoc|iPhone
		Ad-Hoc|iPhoneSimulator = Ad-Hoc|iPhoneSimulator
		Ad-Hoc|x64 = Ad-Hoc|x64
		Ad-Hoc|x86 = Ad-Hoc|x86
		AppStore|Any CPU = AppStore|Any CPU
		AppStore|ARM = AppStore|ARM
		AppStore|iPhone = AppStore|iPhone
		AppStore|iPhoneSimulator = AppStore|iPhoneSimulator
		AppStore|x64 = AppStore|x64
		AppStore|x86 = AppStore|x86
		Debug|Any CPU = Debug|Any CPU
		Debug|ARM = Debug|ARM
		Debug|iPhone = Debug|iPhone
		Debug|iPhoneSimulator = Debug|iPhoneSimulator
		Debug|x64 = Debug|x64
		Debug|x86 = Debug|x86
		Release|Any CPU = Release|Any CPU
		Release|ARM = Release|ARM
		Release|iPhone = Release|iPhone
		Release|iPhoneSimulator = Release|iPhoneSimulator
		Release|x64 = Release|x64
		Release|x86 = Release|x86
	EndGlobalSection
	GlobalSection(ProjectConfigurationPlatforms) = postSolution
		{91C63A4E-4589-4C31-B76A-52A8BC9B6F0F}.Ad-Hoc|Any CPU.ActiveCfg = Release|Any CPU
		{91C63A4E-4589-4C31-B76A-52A8BC9B6F0F}.Ad-Hoc|Any CPU.Build.0 = Release|Any CPU
		{91C63A4E-4589-4C31-B76A-52A8BC9B6F0F}.Ad-Hoc|Any CPU.Deploy.0 = Release|Any CPU
		{91C63A4E-4589-4C31-B76A-52A8BC9B6F0F}.Ad-Hoc|ARM.ActiveCfg = Release|Any CPU
		{91C63A4E-4589-4C31-B76A-52A8BC9B6F0F}.Ad-Hoc|ARM.Build.0 = Release|Any CPU
		{91C63A4E-4589-4C31-B76A-52A8BC9B6F0F}.Ad-Hoc|ARM.Deploy.0 = Release|Any CPU
		{91C63A4E-4589-4C31-B76A-52A8BC9B6F0F}.Ad-Hoc|iPhone.ActiveCfg = Release|Any CPU
		{91C63A4E-4589-4C31-B76A-52A8BC9B6F0F}.Ad-Hoc|iPhone.Build.0 = Release|Any CPU
		{91C63A4E-4589-4C31-B76A-52A8BC9B6F0F}.Ad-Hoc|iPhone.Deploy.0 = Release|Any CPU
		{91C63A4E-4589-4C31-B76A-52A8BC9B6F0F}.Ad-Hoc|iPhoneSimulator.ActiveCfg = Release|Any CPU
		{91C63A4E-4589-4C31-B76A-52A8BC9B6F0F}.Ad-Hoc|iPhoneSimulator.Build.0 = Release|Any CPU
		{91C63A4E-4589-4C31-B76A-52A8BC9B6F0F}.Ad-Hoc|iPhoneSimulator.Deploy.0 = Release|Any CPU
		{91C63A4E-4589-4C31-B76A-52A8BC9B6F0F}.Ad-Hoc|x64.ActiveCfg = Release|Any CPU
		{91C63A4E-4589-4C31-B76A-52A8BC9B6F0F}.Ad-Hoc|x64.Build.0 = Release|Any CPU
		{91C63A4E-4589-4C31-B76A-52A8BC9B6F0F}.Ad-Hoc|x64.Deploy.0 = Release|Any CPU
		{91C63A4E-4589-4C31-B76A-52A8BC9B6F0F}.Ad-Hoc|x86.ActiveCfg = Release|Any CPU
		{91C63A4E-4589-4C31-B76A-52A8BC9B6F0F}.Ad-Hoc|x86.Build.0 = Release|Any CPU
		{91C63A4E-4589-4C31-B76A-52A8BC9B6F0F}.Ad-Hoc|x86.Deploy.0 = Release|Any CPU
		{91C63A4E-4589-4C31-B76A-52A8BC9B6F0F}.AppStore|Any CPU.ActiveCfg = Release|Any CPU
		{91C63A4E-4589-4C31-B76A-52A8BC9B6F0F}.AppStore|Any CPU.Build.0 = Release|Any CPU
		{91C63A4E-4589-4C31-B76A-52A8BC9B6F0F}.AppStore|Any CPU.Deploy.0 = Release|Any CPU
		{91C63A4E-4589-4C31-B76A-52A8BC9B6F0F}.AppStore|ARM.ActiveCfg = Release|Any CPU
		{91C63A4E-4589-4C31-B76A-52A8BC9B6F0F}.AppStore|ARM.Build.0 = Release|Any CPU
		{91C63A4E-4589-4C31-B76A-52A8BC9B6F0F}.AppStore|ARM.Deploy.0 = Release|Any CPU
		{91C63A4E-4589-4C31-B76A-52A8BC9B6F0F}.AppStore|iPhone.ActiveCfg = Release|Any CPU
		{91C63A4E-4589-4C31-B76A-52A8BC9B6F0F}.AppStore|iPhone.Build.0 = Release|Any CPU
		{91C63A4E-4589-4C31-B76A-52A8BC9B6F0F}.AppStore|iPhone.Deploy.0 = Release|Any CPU
		{91C63A4E-4589-4C31-B76A-52A8BC9B6F0F}.AppStore|iPhoneSimulator.ActiveCfg = Release|Any CPU
		{91C63A4E-4589-4C31-B76A-52A8BC9B6F0F}.AppStore|iPhoneSimulator.Build.0 = Release|Any CPU
		{91C63A4E-4589-4C31-B76A-52A8BC9B6F0F}.AppStore|iPhoneSimulator.Deploy.0 = Release|Any CPU
		{91C63A4E-4589-4C31-B76A-52A8BC9B6F0F}.AppStore|x64.ActiveCfg = Release|Any CPU
		{91C63A4E-4589-4C31-B76A-52A8BC9B6F0F}.AppStore|x64.Build.0 = Release|Any CPU
		{91C63A4E-4589-4C31-B76A-52A8BC9B6F0F}.AppStore|x64.Deploy.0 = Release|Any CPU
		{91C63A4E-4589-4C31-B76A-52A8BC9B6F0F}.AppStore|x86.ActiveCfg = Release|Any CPU
		{91C63A4E-4589-4C31-B76A-52A8BC9B6F0F}.AppStore|x86.Build.0 = Release|Any CPU
		{91C63A4E-4589-4C31-B76A-52A8BC9B6F0F}.AppStore|x86.Deploy.0 = Release|Any CPU
		{91C63A4E-4589-4C31-B76A-52A8BC9B6F0F}.Debug|Any CPU.ActiveCfg = Debug|Any CPU
		{91C63A4E-4589-4C31-B76A-52A8BC9B6F0F}.Debug|Any CPU.Build.0 = Debug|Any CPU
		{91C63A4E-4589-4C31-B76A-52A8BC9B6F0F}.Debug|Any CPU.Deploy.0 = Debug|Any CPU
		{91C63A4E-4589-4C31-B76A-52A8BC9B6F0F}.Debug|ARM.ActiveCfg = Debug|Any CPU
		{91C63A4E-4589-4C31-B76A-52A8BC9B6F0F}.Debug|ARM.Build.0 = Debug|Any CPU
		{91C63A4E-4589-4C31-B76A-52A8BC9B6F0F}.Debug|ARM.Deploy.0 = Debug|Any CPU
		{91C63A4E-4589-4C31-B76A-52A8BC9B6F0F}.Debug|iPhone.ActiveCfg = Debug|Any CPU
		{91C63A4E-4589-4C31-B76A-52A8BC9B6F0F}.Debug|iPhone.Build.0 = Debug|Any CPU
		{91C63A4E-4589-4C31-B76A-52A8BC9B6F0F}.Debug|iPhone.Deploy.0 = Debug|Any CPU
		{91C63A4E-4589-4C31-B76A-52A8BC9B6F0F}.Debug|iPhoneSimulator.ActiveCfg = Debug|Any CPU
		{91C63A4E-4589-4C31-B76A-52A8BC9B6F0F}.Debug|iPhoneSimulator.Build.0 = Debug|Any CPU
		{91C63A4E-4589-4C31-B76A-52A8BC9B6F0F}.Debug|iPhoneSimulator.Deploy.0 = Debug|Any CPU
		{91C63A4E-4589-4C31-B76A-52A8BC9B6F0F}.Debug|x64.ActiveCfg = Debug|Any CPU
		{91C63A4E-4589-4C31-B76A-52A8BC9B6F0F}.Debug|x64.Build.0 = Debug|Any CPU
		{91C63A4E-4589-4C31-B76A-52A8BC9B6F0F}.Debug|x64.Deploy.0 = Debug|Any CPU
		{91C63A4E-4589-4C31-B76A-52A8BC9B6F0F}.Debug|x86.ActiveCfg = Debug|Any CPU
		{91C63A4E-4589-4C31-B76A-52A8BC9B6F0F}.Debug|x86.Build.0 = Debug|Any CPU
		{91C63A4E-4589-4C31-B76A-52A8BC9B6F0F}.Debug|x86.Deploy.0 = Debug|Any CPU
		{91C63A4E-4589-4C31-B76A-52A8BC9B6F0F}.Release|Any CPU.ActiveCfg = Release|Any CPU
		{91C63A4E-4589-4C31-B76A-52A8BC9B6F0F}.Release|Any CPU.Build.0 = Release|Any CPU
		{91C63A4E-4589-4C31-B76A-52A8BC9B6F0F}.Release|Any CPU.Deploy.0 = Release|Any CPU
		{91C63A4E-4589-4C31-B76A-52A8BC9B6F0F}.Release|ARM.ActiveCfg = Release|Any CPU
		{91C63A4E-4589-4C31-B76A-52A8BC9B6F0F}.Release|ARM.Build.0 = Release|Any CPU
		{91C63A4E-4589-4C31-B76A-52A8BC9B6F0F}.Release|ARM.Deploy.0 = Release|Any CPU
		{91C63A4E-4589-4C31-B76A-52A8BC9B6F0F}.Release|iPhone.ActiveCfg = Release|Any CPU
		{91C63A4E-4589-4C31-B76A-52A8BC9B6F0F}.Release|iPhone.Build.0 = Release|Any CPU
		{91C63A4E-4589-4C31-B76A-52A8BC9B6F0F}.Release|iPhone.Deploy.0 = Release|Any CPU
		{91C63A4E-4589-4C31-B76A-52A8BC9B6F0F}.Release|iPhoneSimulator.ActiveCfg = Release|Any CPU
		{91C63A4E-4589-4C31-B76A-52A8BC9B6F0F}.Release|iPhoneSimulator.Build.0 = Release|Any CPU
		{91C63A4E-4589-4C31-B76A-52A8BC9B6F0F}.Release|iPhoneSimulator.Deploy.0 = Release|Any CPU
		{91C63A4E-4589-4C31-B76A-52A8BC9B6F0F}.Release|x64.ActiveCfg = Release|Any CPU
		{91C63A4E-4589-4C31-B76A-52A8BC9B6F0F}.Release|x64.Build.0 = Release|Any CPU
		{91C63A4E-4589-4C31-B76A-52A8BC9B6F0F}.Release|x64.Deploy.0 = Release|Any CPU
		{91C63A4E-4589-4C31-B76A-52A8BC9B6F0F}.Release|x86.ActiveCfg = Release|Any CPU
		{91C63A4E-4589-4C31-B76A-52A8BC9B6F0F}.Release|x86.Build.0 = Release|Any CPU
		{91C63A4E-4589-4C31-B76A-52A8BC9B6F0F}.Release|x86.Deploy.0 = Release|Any CPU
		{A2D78D5C-DE70-4640-9CB4-28543D803477}.Ad-Hoc|Any CPU.ActiveCfg = Ad-Hoc|iPhone
		{A2D78D5C-DE70-4640-9CB4-28543D803477}.Ad-Hoc|Any CPU.Build.0 = Ad-Hoc|iPhone
		{A2D78D5C-DE70-4640-9CB4-28543D803477}.Ad-Hoc|Any CPU.Deploy.0 = Ad-Hoc|iPhone
		{A2D78D5C-DE70-4640-9CB4-28543D803477}.Ad-Hoc|ARM.ActiveCfg = Ad-Hoc|iPhone
		{A2D78D5C-DE70-4640-9CB4-28543D803477}.Ad-Hoc|ARM.Build.0 = Ad-Hoc|iPhone
		{A2D78D5C-DE70-4640-9CB4-28543D803477}.Ad-Hoc|ARM.Deploy.0 = Ad-Hoc|iPhone
		{A2D78D5C-DE70-4640-9CB4-28543D803477}.Ad-Hoc|iPhone.ActiveCfg = Ad-Hoc|iPhone
		{A2D78D5C-DE70-4640-9CB4-28543D803477}.Ad-Hoc|iPhone.Build.0 = Ad-Hoc|iPhone
		{A2D78D5C-DE70-4640-9CB4-28543D803477}.Ad-Hoc|iPhone.Deploy.0 = Ad-Hoc|iPhone
		{A2D78D5C-DE70-4640-9CB4-28543D803477}.Ad-Hoc|iPhoneSimulator.ActiveCfg = Ad-Hoc|iPhoneSimulator
		{A2D78D5C-DE70-4640-9CB4-28543D803477}.Ad-Hoc|iPhoneSimulator.Build.0 = Ad-Hoc|iPhoneSimulator
		{A2D78D5C-DE70-4640-9CB4-28543D803477}.Ad-Hoc|iPhoneSimulator.Deploy.0 = Ad-Hoc|iPhoneSimulator
		{A2D78D5C-DE70-4640-9CB4-28543D803477}.Ad-Hoc|x64.ActiveCfg = Ad-Hoc|iPhone
		{A2D78D5C-DE70-4640-9CB4-28543D803477}.Ad-Hoc|x64.Build.0 = Ad-Hoc|iPhone
		{A2D78D5C-DE70-4640-9CB4-28543D803477}.Ad-Hoc|x64.Deploy.0 = Ad-Hoc|iPhone
		{A2D78D5C-DE70-4640-9CB4-28543D803477}.Ad-Hoc|x86.ActiveCfg = Ad-Hoc|iPhone
		{A2D78D5C-DE70-4640-9CB4-28543D803477}.Ad-Hoc|x86.Build.0 = Ad-Hoc|iPhone
		{A2D78D5C-DE70-4640-9CB4-28543D803477}.Ad-Hoc|x86.Deploy.0 = Ad-Hoc|iPhone
		{A2D78D5C-DE70-4640-9CB4-28543D803477}.AppStore|Any CPU.ActiveCfg = AppStore|iPhone
		{A2D78D5C-DE70-4640-9CB4-28543D803477}.AppStore|Any CPU.Build.0 = AppStore|iPhone
		{A2D78D5C-DE70-4640-9CB4-28543D803477}.AppStore|Any CPU.Deploy.0 = AppStore|iPhone
		{A2D78D5C-DE70-4640-9CB4-28543D803477}.AppStore|ARM.ActiveCfg = AppStore|iPhone
		{A2D78D5C-DE70-4640-9CB4-28543D803477}.AppStore|ARM.Build.0 = AppStore|iPhone
		{A2D78D5C-DE70-4640-9CB4-28543D803477}.AppStore|ARM.Deploy.0 = AppStore|iPhone
		{A2D78D5C-DE70-4640-9CB4-28543D803477}.AppStore|iPhone.ActiveCfg = AppStore|iPhone
		{A2D78D5C-DE70-4640-9CB4-28543D803477}.AppStore|iPhone.Build.0 = AppStore|iPhone
		{A2D78D5C-DE70-4640-9CB4-28543D803477}.AppStore|iPhone.Deploy.0 = AppStore|iPhone
		{A2D78D5C-DE70-4640-9CB4-28543D803477}.AppStore|iPhoneSimulator.ActiveCfg = AppStore|iPhoneSimulator
		{A2D78D5C-DE70-4640-9CB4-28543D803477}.AppStore|iPhoneSimulator.Build.0 = AppStore|iPhoneSimulator
		{A2D78D5C-DE70-4640-9CB4-28543D803477}.AppStore|iPhoneSimulator.Deploy.0 = AppStore|iPhoneSimulator
		{A2D78D5C-DE70-4640-9CB4-28543D803477}.AppStore|x64.ActiveCfg = AppStore|iPhone
		{A2D78D5C-DE70-4640-9CB4-28543D803477}.AppStore|x64.Build.0 = AppStore|iPhone
		{A2D78D5C-DE70-4640-9CB4-28543D803477}.AppStore|x64.Deploy.0 = AppStore|iPhone
		{A2D78D5C-DE70-4640-9CB4-28543D803477}.AppStore|x86.ActiveCfg = AppStore|iPhone
		{A2D78D5C-DE70-4640-9CB4-28543D803477}.AppStore|x86.Build.0 = AppStore|iPhone
		{A2D78D5C-DE70-4640-9CB4-28543D803477}.AppStore|x86.Deploy.0 = AppStore|iPhone
		{A2D78D5C-DE70-4640-9CB4-28543D803477}.Debug|Any CPU.ActiveCfg = Debug|iPhoneSimulator
		{A2D78D5C-DE70-4640-9CB4-28543D803477}.Debug|Any CPU.Build.0 = Debug|iPhoneSimulator
		{A2D78D5C-DE70-4640-9CB4-28543D803477}.Debug|Any CPU.Deploy.0 = Debug|iPhoneSimulator
		{A2D78D5C-DE70-4640-9CB4-28543D803477}.Debug|ARM.ActiveCfg = Debug|iPhone
		{A2D78D5C-DE70-4640-9CB4-28543D803477}.Debug|ARM.Build.0 = Debug|iPhone
		{A2D78D5C-DE70-4640-9CB4-28543D803477}.Debug|ARM.Deploy.0 = Debug|iPhone
		{A2D78D5C-DE70-4640-9CB4-28543D803477}.Debug|iPhone.ActiveCfg = Debug|iPhone
		{A2D78D5C-DE70-4640-9CB4-28543D803477}.Debug|iPhone.Build.0 = Debug|iPhone
		{A2D78D5C-DE70-4640-9CB4-28543D803477}.Debug|iPhone.Deploy.0 = Debug|iPhone
		{A2D78D5C-DE70-4640-9CB4-28543D803477}.Debug|iPhoneSimulator.ActiveCfg = Debug|iPhoneSimulator
		{A2D78D5C-DE70-4640-9CB4-28543D803477}.Debug|iPhoneSimulator.Build.0 = Debug|iPhoneSimulator
		{A2D78D5C-DE70-4640-9CB4-28543D803477}.Debug|iPhoneSimulator.Deploy.0 = Debug|iPhoneSimulator
		{A2D78D5C-DE70-4640-9CB4-28543D803477}.Debug|x64.ActiveCfg = Debug|iPhone
		{A2D78D5C-DE70-4640-9CB4-28543D803477}.Debug|x64.Build.0 = Debug|iPhone
		{A2D78D5C-DE70-4640-9CB4-28543D803477}.Debug|x64.Deploy.0 = Debug|iPhone
		{A2D78D5C-DE70-4640-9CB4-28543D803477}.Debug|x86.ActiveCfg = Debug|iPhone
		{A2D78D5C-DE70-4640-9CB4-28543D803477}.Debug|x86.Build.0 = Debug|iPhone
		{A2D78D5C-DE70-4640-9CB4-28543D803477}.Debug|x86.Deploy.0 = Debug|iPhone
		{A2D78D5C-DE70-4640-9CB4-28543D803477}.Release|Any CPU.ActiveCfg = Release|iPhone
		{A2D78D5C-DE70-4640-9CB4-28543D803477}.Release|Any CPU.Build.0 = Release|iPhone
		{A2D78D5C-DE70-4640-9CB4-28543D803477}.Release|Any CPU.Deploy.0 = Release|iPhone
		{A2D78D5C-DE70-4640-9CB4-28543D803477}.Release|ARM.ActiveCfg = Release|iPhone
		{A2D78D5C-DE70-4640-9CB4-28543D803477}.Release|ARM.Build.0 = Release|iPhone
		{A2D78D5C-DE70-4640-9CB4-28543D803477}.Release|ARM.Deploy.0 = Release|iPhone
		{A2D78D5C-DE70-4640-9CB4-28543D803477}.Release|iPhone.ActiveCfg = Release|iPhone
		{A2D78D5C-DE70-4640-9CB4-28543D803477}.Release|iPhone.Build.0 = Release|iPhone
		{A2D78D5C-DE70-4640-9CB4-28543D803477}.Release|iPhone.Deploy.0 = Release|iPhone
		{A2D78D5C-DE70-4640-9CB4-28543D803477}.Release|iPhoneSimulator.ActiveCfg = Release|iPhoneSimulator
		{A2D78D5C-DE70-4640-9CB4-28543D803477}.Release|iPhoneSimulator.Build.0 = Release|iPhoneSimulator
		{A2D78D5C-DE70-4640-9CB4-28543D803477}.Release|iPhoneSimulator.Deploy.0 = Release|iPhoneSimulator
		{A2D78D5C-DE70-4640-9CB4-28543D803477}.Release|x64.ActiveCfg = Release|iPhone
		{A2D78D5C-DE70-4640-9CB4-28543D803477}.Release|x64.Build.0 = Release|iPhone
		{A2D78D5C-DE70-4640-9CB4-28543D803477}.Release|x64.Deploy.0 = Release|iPhone
		{A2D78D5C-DE70-4640-9CB4-28543D803477}.Release|x86.ActiveCfg = Release|iPhone
		{A2D78D5C-DE70-4640-9CB4-28543D803477}.Release|x86.Build.0 = Release|iPhone
		{A2D78D5C-DE70-4640-9CB4-28543D803477}.Release|x86.Deploy.0 = Release|iPhone
		{6C494E1E-46BC-45D7-8725-1BE81E872AEF}.Ad-Hoc|Any CPU.ActiveCfg = Release|x86
		{6C494E1E-46BC-45D7-8725-1BE81E872AEF}.Ad-Hoc|Any CPU.Build.0 = Release|x86
		{6C494E1E-46BC-45D7-8725-1BE81E872AEF}.Ad-Hoc|Any CPU.Deploy.0 = Release|x86
		{6C494E1E-46BC-45D7-8725-1BE81E872AEF}.Ad-Hoc|ARM.ActiveCfg = Release|ARM
		{6C494E1E-46BC-45D7-8725-1BE81E872AEF}.Ad-Hoc|ARM.Build.0 = Release|ARM
		{6C494E1E-46BC-45D7-8725-1BE81E872AEF}.Ad-Hoc|ARM.Deploy.0 = Release|ARM
		{6C494E1E-46BC-45D7-8725-1BE81E872AEF}.Ad-Hoc|iPhone.ActiveCfg = Release|x86
		{6C494E1E-46BC-45D7-8725-1BE81E872AEF}.Ad-Hoc|iPhone.Build.0 = Release|x86
		{6C494E1E-46BC-45D7-8725-1BE81E872AEF}.Ad-Hoc|iPhone.Deploy.0 = Release|x86
		{6C494E1E-46BC-45D7-8725-1BE81E872AEF}.Ad-Hoc|iPhoneSimulator.ActiveCfg = Release|x86
		{6C494E1E-46BC-45D7-8725-1BE81E872AEF}.Ad-Hoc|iPhoneSimulator.Build.0 = Release|x86
		{6C494E1E-46BC-45D7-8725-1BE81E872AEF}.Ad-Hoc|iPhoneSimulator.Deploy.0 = Release|x86
		{6C494E1E-46BC-45D7-8725-1BE81E872AEF}.Ad-Hoc|x64.ActiveCfg = Release|x64
		{6C494E1E-46BC-45D7-8725-1BE81E872AEF}.Ad-Hoc|x64.Build.0 = Release|x64
		{6C494E1E-46BC-45D7-8725-1BE81E872AEF}.Ad-Hoc|x64.Deploy.0 = Release|x64
		{6C494E1E-46BC-45D7-8725-1BE81E872AEF}.Ad-Hoc|x86.ActiveCfg = Release|x86
		{6C494E1E-46BC-45D7-8725-1BE81E872AEF}.Ad-Hoc|x86.Build.0 = Release|x86
		{6C494E1E-46BC-45D7-8725-1BE81E872AEF}.Ad-Hoc|x86.Deploy.0 = Release|x86
		{6C494E1E-46BC-45D7-8725-1BE81E872AEF}.AppStore|Any CPU.ActiveCfg = Release|x86
		{6C494E1E-46BC-45D7-8725-1BE81E872AEF}.AppStore|Any CPU.Build.0 = Release|x86
		{6C494E1E-46BC-45D7-8725-1BE81E872AEF}.AppStore|Any CPU.Deploy.0 = Release|x86
		{6C494E1E-46BC-45D7-8725-1BE81E872AEF}.AppStore|ARM.ActiveCfg = Release|ARM
		{6C494E1E-46BC-45D7-8725-1BE81E872AEF}.AppStore|ARM.Build.0 = Release|ARM
		{6C494E1E-46BC-45D7-8725-1BE81E872AEF}.AppStore|ARM.Deploy.0 = Release|ARM
		{6C494E1E-46BC-45D7-8725-1BE81E872AEF}.AppStore|iPhone.ActiveCfg = Release|x86
		{6C494E1E-46BC-45D7-8725-1BE81E872AEF}.AppStore|iPhone.Build.0 = Release|x86
		{6C494E1E-46BC-45D7-8725-1BE81E872AEF}.AppStore|iPhone.Deploy.0 = Release|x86
		{6C494E1E-46BC-45D7-8725-1BE81E872AEF}.AppStore|iPhoneSimulator.ActiveCfg = Release|x86
		{6C494E1E-46BC-45D7-8725-1BE81E872AEF}.AppStore|iPhoneSimulator.Build.0 = Release|x86
		{6C494E1E-46BC-45D7-8725-1BE81E872AEF}.AppStore|iPhoneSimulator.Deploy.0 = Release|x86
		{6C494E1E-46BC-45D7-8725-1BE81E872AEF}.AppStore|x64.ActiveCfg = Release|x64
		{6C494E1E-46BC-45D7-8725-1BE81E872AEF}.AppStore|x64.Build.0 = Release|x64
		{6C494E1E-46BC-45D7-8725-1BE81E872AEF}.AppStore|x64.Deploy.0 = Release|x64
		{6C494E1E-46BC-45D7-8725-1BE81E872AEF}.AppStore|x86.ActiveCfg = Release|x86
		{6C494E1E-46BC-45D7-8725-1BE81E872AEF}.AppStore|x86.Build.0 = Release|x86
		{6C494E1E-46BC-45D7-8725-1BE81E872AEF}.AppStore|x86.Deploy.0 = Release|x86
		{6C494E1E-46BC-45D7-8725-1BE81E872AEF}.Debug|Any CPU.ActiveCfg = Debug|x86
		{6C494E1E-46BC-45D7-8725-1BE81E872AEF}.Debug|Any CPU.Build.0 = Debug|x86
		{6C494E1E-46BC-45D7-8725-1BE81E872AEF}.Debug|Any CPU.Deploy.0 = Debug|x86
		{6C494E1E-46BC-45D7-8725-1BE81E872AEF}.Debug|ARM.ActiveCfg = Debug|ARM
		{6C494E1E-46BC-45D7-8725-1BE81E872AEF}.Debug|ARM.Build.0 = Debug|ARM
		{6C494E1E-46BC-45D7-8725-1BE81E872AEF}.Debug|ARM.Deploy.0 = Debug|ARM
		{6C494E1E-46BC-45D7-8725-1BE81E872AEF}.Debug|iPhone.ActiveCfg = Debug|x86
		{6C494E1E-46BC-45D7-8725-1BE81E872AEF}.Debug|iPhone.Build.0 = Debug|x86
		{6C494E1E-46BC-45D7-8725-1BE81E872AEF}.Debug|iPhone.Deploy.0 = Debug|x86
		{6C494E1E-46BC-45D7-8725-1BE81E872AEF}.Debug|iPhoneSimulator.ActiveCfg = Debug|x86
		{6C494E1E-46BC-45D7-8725-1BE81E872AEF}.Debug|iPhoneSimulator.Build.0 = Debug|x86
		{6C494E1E-46BC-45D7-8725-1BE81E872AEF}.Debug|iPhoneSimulator.Deploy.0 = Debug|x86
		{6C494E1E-46BC-45D7-8725-1BE81E872AEF}.Debug|x64.ActiveCfg = Debug|x64
		{6C494E1E-46BC-45D7-8725-1BE81E872AEF}.Debug|x64.Build.0 = Debug|x64
		{6C494E1E-46BC-45D7-8725-1BE81E872AEF}.Debug|x64.Deploy.0 = Debug|x64
		{6C494E1E-46BC-45D7-8725-1BE81E872AEF}.Debug|x86.ActiveCfg = Debug|x86
		{6C494E1E-46BC-45D7-8725-1BE81E872AEF}.Debug|x86.Build.0 = Debug|x86
		{6C494E1E-46BC-45D7-8725-1BE81E872AEF}.Debug|x86.Deploy.0 = Debug|x86
		{6C494E1E-46BC-45D7-8725-1BE81E872AEF}.Release|Any CPU.ActiveCfg = Release|x86
		{6C494E1E-46BC-45D7-8725-1BE81E872AEF}.Release|Any CPU.Build.0 = Release|x86
		{6C494E1E-46BC-45D7-8725-1BE81E872AEF}.Release|Any CPU.Deploy.0 = Release|x86
		{6C494E1E-46BC-45D7-8725-1BE81E872AEF}.Release|ARM.ActiveCfg = Release|ARM
		{6C494E1E-46BC-45D7-8725-1BE81E872AEF}.Release|ARM.Build.0 = Release|ARM
		{6C494E1E-46BC-45D7-8725-1BE81E872AEF}.Release|ARM.Deploy.0 = Release|ARM
		{6C494E1E-46BC-45D7-8725-1BE81E872AEF}.Release|iPhone.ActiveCfg = Release|x86
		{6C494E1E-46BC-45D7-8725-1BE81E872AEF}.Release|iPhone.Build.0 = Release|x86
		{6C494E1E-46BC-45D7-8725-1BE81E872AEF}.Release|iPhone.Deploy.0 = Release|x86
		{6C494E1E-46BC-45D7-8725-1BE81E872AEF}.Release|iPhoneSimulator.ActiveCfg = Release|x86
		{6C494E1E-46BC-45D7-8725-1BE81E872AEF}.Release|iPhoneSimulator.Build.0 = Release|x86
		{6C494E1E-46BC-45D7-8725-1BE81E872AEF}.Release|iPhoneSimulator.Deploy.0 = Release|x86
		{6C494E1E-46BC-45D7-8725-1BE81E872AEF}.Release|x64.ActiveCfg = Release|x64
		{6C494E1E-46BC-45D7-8725-1BE81E872AEF}.Release|x64.Build.0 = Release|x64
		{6C494E1E-46BC-45D7-8725-1BE81E872AEF}.Release|x64.Deploy.0 = Release|x64
		{6C494E1E-46BC-45D7-8725-1BE81E872AEF}.Release|x86.ActiveCfg = Release|x86
		{6C494E1E-46BC-45D7-8725-1BE81E872AEF}.Release|x86.Build.0 = Release|x86
		{6C494E1E-46BC-45D7-8725-1BE81E872AEF}.Release|x86.Deploy.0 = Release|x86
		{F74909A5-156E-45F7-923E-32106D96E453}.Ad-Hoc|Any CPU.ActiveCfg = Debug|Any CPU
		{F74909A5-156E-45F7-923E-32106D96E453}.Ad-Hoc|Any CPU.Build.0 = Debug|Any CPU
		{F74909A5-156E-45F7-923E-32106D96E453}.Ad-Hoc|Any CPU.Deploy.0 = Debug|Any CPU
		{F74909A5-156E-45F7-923E-32106D96E453}.Ad-Hoc|ARM.ActiveCfg = Debug|Any CPU
		{F74909A5-156E-45F7-923E-32106D96E453}.Ad-Hoc|ARM.Build.0 = Debug|Any CPU
		{F74909A5-156E-45F7-923E-32106D96E453}.Ad-Hoc|ARM.Deploy.0 = Debug|Any CPU
		{F74909A5-156E-45F7-923E-32106D96E453}.Ad-Hoc|iPhone.ActiveCfg = Debug|Any CPU
		{F74909A5-156E-45F7-923E-32106D96E453}.Ad-Hoc|iPhone.Build.0 = Debug|Any CPU
		{F74909A5-156E-45F7-923E-32106D96E453}.Ad-Hoc|iPhone.Deploy.0 = Debug|Any CPU
		{F74909A5-156E-45F7-923E-32106D96E453}.Ad-Hoc|iPhoneSimulator.ActiveCfg = Debug|Any CPU
		{F74909A5-156E-45F7-923E-32106D96E453}.Ad-Hoc|iPhoneSimulator.Build.0 = Debug|Any CPU
		{F74909A5-156E-45F7-923E-32106D96E453}.Ad-Hoc|iPhoneSimulator.Deploy.0 = Debug|Any CPU
		{F74909A5-156E-45F7-923E-32106D96E453}.Ad-Hoc|x64.ActiveCfg = Debug|Any CPU
		{F74909A5-156E-45F7-923E-32106D96E453}.Ad-Hoc|x64.Build.0 = Debug|Any CPU
		{F74909A5-156E-45F7-923E-32106D96E453}.Ad-Hoc|x64.Deploy.0 = Debug|Any CPU
		{F74909A5-156E-45F7-923E-32106D96E453}.Ad-Hoc|x86.ActiveCfg = Debug|Any CPU
		{F74909A5-156E-45F7-923E-32106D96E453}.Ad-Hoc|x86.Build.0 = Debug|Any CPU
		{F74909A5-156E-45F7-923E-32106D96E453}.Ad-Hoc|x86.Deploy.0 = Debug|Any CPU
		{F74909A5-156E-45F7-923E-32106D96E453}.AppStore|Any CPU.ActiveCfg = Debug|Any CPU
		{F74909A5-156E-45F7-923E-32106D96E453}.AppStore|Any CPU.Build.0 = Debug|Any CPU
		{F74909A5-156E-45F7-923E-32106D96E453}.AppStore|Any CPU.Deploy.0 = Debug|Any CPU
		{F74909A5-156E-45F7-923E-32106D96E453}.AppStore|ARM.ActiveCfg = Debug|Any CPU
		{F74909A5-156E-45F7-923E-32106D96E453}.AppStore|ARM.Build.0 = Debug|Any CPU
		{F74909A5-156E-45F7-923E-32106D96E453}.AppStore|ARM.Deploy.0 = Debug|Any CPU
		{F74909A5-156E-45F7-923E-32106D96E453}.AppStore|iPhone.ActiveCfg = Debug|Any CPU
		{F74909A5-156E-45F7-923E-32106D96E453}.AppStore|iPhone.Build.0 = Debug|Any CPU
		{F74909A5-156E-45F7-923E-32106D96E453}.AppStore|iPhone.Deploy.0 = Debug|Any CPU
		{F74909A5-156E-45F7-923E-32106D96E453}.AppStore|iPhoneSimulator.ActiveCfg = Debug|Any CPU
		{F74909A5-156E-45F7-923E-32106D96E453}.AppStore|iPhoneSimulator.Build.0 = Debug|Any CPU
		{F74909A5-156E-45F7-923E-32106D96E453}.AppStore|iPhoneSimulator.Deploy.0 = Debug|Any CPU
		{F74909A5-156E-45F7-923E-32106D96E453}.AppStore|x64.ActiveCfg = Debug|Any CPU
		{F74909A5-156E-45F7-923E-32106D96E453}.AppStore|x64.Build.0 = Debug|Any CPU
		{F74909A5-156E-45F7-923E-32106D96E453}.AppStore|x64.Deploy.0 = Debug|Any CPU
		{F74909A5-156E-45F7-923E-32106D96E453}.AppStore|x86.ActiveCfg = Debug|Any CPU
		{F74909A5-156E-45F7-923E-32106D96E453}.AppStore|x86.Build.0 = Debug|Any CPU
		{F74909A5-156E-45F7-923E-32106D96E453}.AppStore|x86.Deploy.0 = Debug|Any CPU
		{F74909A5-156E-45F7-923E-32106D96E453}.Debug|Any CPU.ActiveCfg = Debug|Any CPU
		{F74909A5-156E-45F7-923E-32106D96E453}.Debug|Any CPU.Build.0 = Debug|Any CPU
		{F74909A5-156E-45F7-923E-32106D96E453}.Debug|Any CPU.Deploy.0 = Debug|Any CPU
		{F74909A5-156E-45F7-923E-32106D96E453}.Debug|ARM.ActiveCfg = Debug|Any CPU
		{F74909A5-156E-45F7-923E-32106D96E453}.Debug|ARM.Build.0 = Debug|Any CPU
		{F74909A5-156E-45F7-923E-32106D96E453}.Debug|ARM.Deploy.0 = Debug|Any CPU
		{F74909A5-156E-45F7-923E-32106D96E453}.Debug|iPhone.ActiveCfg = Debug|Any CPU
		{F74909A5-156E-45F7-923E-32106D96E453}.Debug|iPhone.Build.0 = Debug|Any CPU
		{F74909A5-156E-45F7-923E-32106D96E453}.Debug|iPhone.Deploy.0 = Debug|Any CPU
		{F74909A5-156E-45F7-923E-32106D96E453}.Debug|iPhoneSimulator.ActiveCfg = Debug|Any CPU
		{F74909A5-156E-45F7-923E-32106D96E453}.Debug|iPhoneSimulator.Build.0 = Debug|Any CPU
		{F74909A5-156E-45F7-923E-32106D96E453}.Debug|iPhoneSimulator.Deploy.0 = Debug|Any CPU
		{F74909A5-156E-45F7-923E-32106D96E453}.Debug|x64.ActiveCfg = Debug|Any CPU
		{F74909A5-156E-45F7-923E-32106D96E453}.Debug|x64.Build.0 = Debug|Any CPU
		{F74909A5-156E-45F7-923E-32106D96E453}.Debug|x64.Deploy.0 = Debug|Any CPU
		{F74909A5-156E-45F7-923E-32106D96E453}.Debug|x86.ActiveCfg = Debug|Any CPU
		{F74909A5-156E-45F7-923E-32106D96E453}.Debug|x86.Build.0 = Debug|Any CPU
		{F74909A5-156E-45F7-923E-32106D96E453}.Debug|x86.Deploy.0 = Debug|Any CPU
		{F74909A5-156E-45F7-923E-32106D96E453}.Release|Any CPU.ActiveCfg = Release|Any CPU
		{F74909A5-156E-45F7-923E-32106D96E453}.Release|Any CPU.Build.0 = Release|Any CPU
		{F74909A5-156E-45F7-923E-32106D96E453}.Release|Any CPU.Deploy.0 = Release|Any CPU
		{F74909A5-156E-45F7-923E-32106D96E453}.Release|ARM.ActiveCfg = Release|Any CPU
		{F74909A5-156E-45F7-923E-32106D96E453}.Release|ARM.Build.0 = Release|Any CPU
		{F74909A5-156E-45F7-923E-32106D96E453}.Release|ARM.Deploy.0 = Release|Any CPU
		{F74909A5-156E-45F7-923E-32106D96E453}.Release|iPhone.ActiveCfg = Release|Any CPU
		{F74909A5-156E-45F7-923E-32106D96E453}.Release|iPhone.Build.0 = Release|Any CPU
		{F74909A5-156E-45F7-923E-32106D96E453}.Release|iPhone.Deploy.0 = Release|Any CPU
		{F74909A5-156E-45F7-923E-32106D96E453}.Release|iPhoneSimulator.ActiveCfg = Release|Any CPU
		{F74909A5-156E-45F7-923E-32106D96E453}.Release|iPhoneSimulator.Build.0 = Release|Any CPU
		{F74909A5-156E-45F7-923E-32106D96E453}.Release|iPhoneSimulator.Deploy.0 = Release|Any CPU
		{F74909A5-156E-45F7-923E-32106D96E453}.Release|x64.ActiveCfg = Release|Any CPU
		{F74909A5-156E-45F7-923E-32106D96E453}.Release|x64.Build.0 = Release|Any CPU
		{F74909A5-156E-45F7-923E-32106D96E453}.Release|x64.Deploy.0 = Release|Any CPU
		{F74909A5-156E-45F7-923E-32106D96E453}.Release|x86.ActiveCfg = Release|Any CPU
		{F74909A5-156E-45F7-923E-32106D96E453}.Release|x86.Build.0 = Release|Any CPU
		{F74909A5-156E-45F7-923E-32106D96E453}.Release|x86.Deploy.0 = Release|Any CPU
	EndGlobalSection
	GlobalSection(SolutionProperties) = preSolution
		HideSolutionNode = FALSE
	EndGlobalSection
	GlobalSection(ExtensibilityGlobals) = postSolution
		SolutionGuid = {E1670377-F713-49ED-834D-BA5F40C6E75F}
	EndGlobalSection
EndGlobal
