
Microsoft Visual Studio Solution File, Format Version 12.00
# Visual Studio 15
VisualStudioVersion = 15.0.27703.2042
MinimumVisualStudioVersion = 10.0.40219.1
Project("{FAE04EC0-301F-11D3-BF4B-00C04F79EFBC}") = "NetStatus.Android", "NetStatus\NetStatus.Android\NetStatus.Android.csproj", "{A8B8EF39-6093-459F-820D-8F848AB15E8C}"
EndProject
Project("{FAE04EC0-301F-11D3-BF4B-00C04F79EFBC}") = "NetStatus.iOS", "NetStatus\NetStatus.iOS\NetStatus.iOS.csproj", "{E5B9B007-B897-42B6-870B-5925AAD091D6}"
EndProject
Project("{FAE04EC0-301F-11D3-BF4B-00C04F79EFBC}") = "NetStatus.UWP", "NetStatus\NetStatus.UWP\NetStatus.UWP.csproj", "{087E06A4-8E07-4873-924F-26AB44967F19}"
EndProject
Project("{FAE04EC0-301F-11D3-BF4B-00C04F79EFBC}") = "NetStatus", "NetStatus\NetStatus\NetStatus.csproj", "{DD8748DE-1707-4A43-991F-8B3F6D104CF8}"
EndProject
Global
	GlobalSection(SolutionConfigurationPlatforms) = preSolution
		Ad-Hoc|Any CPU = Ad-Hoc|Any CPU
		Ad-Hoc|ARM = Ad-Hoc|ARM
		Ad-Hoc|iPhone = Ad-Hoc|iPhone
		Ad-Hoc|iPhoneSimulator = Ad-Hoc|iPhoneSimulator
		Ad-Hoc|x64 = Ad-Hoc|x64
		Ad-Hoc|x86 = Ad-Hoc|x86
		AppStore|Any CPU = AppStore|Any CPU
		AppStore|ARM = AppStore|ARM
		AppStore|iPhone = AppStore|iPhone
		AppStore|iPhoneSimulator = AppStore|iPhoneSimulator
		AppStore|x64 = AppStore|x64
		AppStore|x86 = AppStore|x86
		Debug|Any CPU = Debug|Any CPU
		Debug|ARM = Debug|ARM
		Debug|iPhone = Debug|iPhone
		Debug|iPhoneSimulator = Debug|iPhoneSimulator
		Debug|x64 = Debug|x64
		Debug|x86 = Debug|x86
		Release|Any CPU = Release|Any CPU
		Release|ARM = Release|ARM
		Release|iPhone = Release|iPhone
		Release|iPhoneSimulator = Release|iPhoneSimulator
		Release|x64 = Release|x64
		Release|x86 = Release|x86
	EndGlobalSection
	GlobalSection(ProjectConfigurationPlatforms) = postSolution
		{A8B8EF39-6093-459F-820D-8F848AB15E8C}.Ad-Hoc|Any CPU.ActiveCfg = Release|Any CPU
		{A8B8EF39-6093-459F-820D-8F848AB15E8C}.Ad-Hoc|Any CPU.Build.0 = Release|Any CPU
		{A8B8EF39-6093-459F-820D-8F848AB15E8C}.Ad-Hoc|Any CPU.Deploy.0 = Release|Any CPU
		{A8B8EF39-6093-459F-820D-8F848AB15E8C}.Ad-Hoc|ARM.ActiveCfg = Release|Any CPU
		{A8B8EF39-6093-459F-820D-8F848AB15E8C}.Ad-Hoc|ARM.Build.0 = Release|Any CPU
		{A8B8EF39-6093-459F-820D-8F848AB15E8C}.Ad-Hoc|ARM.Deploy.0 = Release|Any CPU
		{A8B8EF39-6093-459F-820D-8F848AB15E8C}.Ad-Hoc|iPhone.ActiveCfg = Release|Any CPU
		{A8B8EF39-6093-459F-820D-8F848AB15E8C}.Ad-Hoc|iPhone.Build.0 = Release|Any CPU
		{A8B8EF39-6093-459F-820D-8F848AB15E8C}.Ad-Hoc|iPhone.Deploy.0 = Release|Any CPU
		{A8B8EF39-6093-459F-820D-8F848AB15E8C}.Ad-Hoc|iPhoneSimulator.ActiveCfg = Release|Any CPU
		{A8B8EF39-6093-459F-820D-8F848AB15E8C}.Ad-Hoc|iPhoneSimulator.Build.0 = Release|Any CPU
		{A8B8EF39-6093-459F-820D-8F848AB15E8C}.Ad-Hoc|iPhoneSimulator.Deploy.0 = Release|Any CPU
		{A8B8EF39-6093-459F-820D-8F848AB15E8C}.Ad-Hoc|x64.ActiveCfg = Release|Any CPU
		{A8B8EF39-6093-459F-820D-8F848AB15E8C}.Ad-Hoc|x64.Build.0 = Release|Any CPU
		{A8B8EF39-6093-459F-820D-8F848AB15E8C}.Ad-Hoc|x64.Deploy.0 = Release|Any CPU
		{A8B8EF39-6093-459F-820D-8F848AB15E8C}.Ad-Hoc|x86.ActiveCfg = Release|Any CPU
		{A8B8EF39-6093-459F-820D-8F848AB15E8C}.Ad-Hoc|x86.Build.0 = Release|Any CPU
		{A8B8EF39-6093-459F-820D-8F848AB15E8C}.Ad-Hoc|x86.Deploy.0 = Release|Any CPU
		{A8B8EF39-6093-459F-820D-8F848AB15E8C}.AppStore|Any CPU.ActiveCfg = Release|Any CPU
		{A8B8EF39-6093-459F-820D-8F848AB15E8C}.AppStore|Any CPU.Build.0 = Release|Any CPU
		{A8B8EF39-6093-459F-820D-8F848AB15E8C}.AppStore|Any CPU.Deploy.0 = Release|Any CPU
		{A8B8EF39-6093-459F-820D-8F848AB15E8C}.AppStore|ARM.ActiveCfg = Release|Any CPU
		{A8B8EF39-6093-459F-820D-8F848AB15E8C}.AppStore|ARM.Build.0 = Release|Any CPU
		{A8B8EF39-6093-459F-820D-8F848AB15E8C}.AppStore|ARM.Deploy.0 = Release|Any CPU
		{A8B8EF39-6093-459F-820D-8F848AB15E8C}.AppStore|iPhone.ActiveCfg = Release|Any CPU
		{A8B8EF39-6093-459F-820D-8F848AB15E8C}.AppStore|iPhone.Build.0 = Release|Any CPU
		{A8B8EF39-6093-459F-820D-8F848AB15E8C}.AppStore|iPhone.Deploy.0 = Release|Any CPU
		{A8B8EF39-6093-459F-820D-8F848AB15E8C}.AppStore|iPhoneSimulator.ActiveCfg = Release|Any CPU
		{A8B8EF39-6093-459F-820D-8F848AB15E8C}.AppStore|iPhoneSimulator.Build.0 = Release|Any CPU
		{A8B8EF39-6093-459F-820D-8F848AB15E8C}.AppStore|iPhoneSimulator.Deploy.0 = Release|Any CPU
		{A8B8EF39-6093-459F-820D-8F848AB15E8C}.AppStore|x64.ActiveCfg = Release|Any CPU
		{A8B8EF39-6093-459F-820D-8F848AB15E8C}.AppStore|x64.Build.0 = Release|Any CPU
		{A8B8EF39-6093-459F-820D-8F848AB15E8C}.AppStore|x64.Deploy.0 = Release|Any CPU
		{A8B8EF39-6093-459F-820D-8F848AB15E8C}.AppStore|x86.ActiveCfg = Release|Any CPU
		{A8B8EF39-6093-459F-820D-8F848AB15E8C}.AppStore|x86.Build.0 = Release|Any CPU
		{A8B8EF39-6093-459F-820D-8F848AB15E8C}.AppStore|x86.Deploy.0 = Release|Any CPU
		{A8B8EF39-6093-459F-820D-8F848AB15E8C}.Debug|Any CPU.ActiveCfg = Debug|Any CPU
		{A8B8EF39-6093-459F-820D-8F848AB15E8C}.Debug|Any CPU.Build.0 = Debug|Any CPU
		{A8B8EF39-6093-459F-820D-8F848AB15E8C}.Debug|Any CPU.Deploy.0 = Debug|Any CPU
		{A8B8EF39-6093-459F-820D-8F848AB15E8C}.Debug|ARM.ActiveCfg = Debug|Any CPU
		{A8B8EF39-6093-459F-820D-8F848AB15E8C}.Debug|ARM.Build.0 = Debug|Any CPU
		{A8B8EF39-6093-459F-820D-8F848AB15E8C}.Debug|ARM.Deploy.0 = Debug|Any CPU
		{A8B8EF39-6093-459F-820D-8F848AB15E8C}.Debug|iPhone.ActiveCfg = Debug|Any CPU
		{A8B8EF39-6093-459F-820D-8F848AB15E8C}.Debug|iPhone.Build.0 = Debug|Any CPU
		{A8B8EF39-6093-459F-820D-8F848AB15E8C}.Debug|iPhone.Deploy.0 = Debug|Any CPU
		{A8B8EF39-6093-459F-820D-8F848AB15E8C}.Debug|iPhoneSimulator.ActiveCfg = Debug|Any CPU
		{A8B8EF39-6093-459F-820D-8F848AB15E8C}.Debug|iPhoneSimulator.Build.0 = Debug|Any CPU
		{A8B8EF39-6093-459F-820D-8F848AB15E8C}.Debug|iPhoneSimulator.Deploy.0 = Debug|Any CPU
		{A8B8EF39-6093-459F-820D-8F848AB15E8C}.Debug|x64.ActiveCfg = Debug|Any CPU
		{A8B8EF39-6093-459F-820D-8F848AB15E8C}.Debug|x64.Build.0 = Debug|Any CPU
		{A8B8EF39-6093-459F-820D-8F848AB15E8C}.Debug|x64.Deploy.0 = Debug|Any CPU
		{A8B8EF39-6093-459F-820D-8F848AB15E8C}.Debug|x86.ActiveCfg = Debug|Any CPU
		{A8B8EF39-6093-459F-820D-8F848AB15E8C}.Debug|x86.Build.0 = Debug|Any CPU
		{A8B8EF39-6093-459F-820D-8F848AB15E8C}.Debug|x86.Deploy.0 = Debug|Any CPU
		{A8B8EF39-6093-459F-820D-8F848AB15E8C}.Release|Any CPU.ActiveCfg = Release|Any CPU
		{A8B8EF39-6093-459F-820D-8F848AB15E8C}.Release|Any CPU.Build.0 = Release|Any CPU
		{A8B8EF39-6093-459F-820D-8F848AB15E8C}.Release|Any CPU.Deploy.0 = Release|Any CPU
		{A8B8EF39-6093-459F-820D-8F848AB15E8C}.Release|ARM.ActiveCfg = Release|Any CPU
		{A8B8EF39-6093-459F-820D-8F848AB15E8C}.Release|ARM.Build.0 = Release|Any CPU
		{A8B8EF39-6093-459F-820D-8F848AB15E8C}.Release|ARM.Deploy.0 = Release|Any CPU
		{A8B8EF39-6093-459F-820D-8F848AB15E8C}.Release|iPhone.ActiveCfg = Release|Any CPU
		{A8B8EF39-6093-459F-820D-8F848AB15E8C}.Release|iPhone.Build.0 = Release|Any CPU
		{A8B8EF39-6093-459F-820D-8F848AB15E8C}.Release|iPhone.Deploy.0 = Release|Any CPU
		{A8B8EF39-6093-459F-820D-8F848AB15E8C}.Release|iPhoneSimulator.ActiveCfg = Release|Any CPU
		{A8B8EF39-6093-459F-820D-8F848AB15E8C}.Release|iPhoneSimulator.Build.0 = Release|Any CPU
		{A8B8EF39-6093-459F-820D-8F848AB15E8C}.Release|iPhoneSimulator.Deploy.0 = Release|Any CPU
		{A8B8EF39-6093-459F-820D-8F848AB15E8C}.Release|x64.ActiveCfg = Release|Any CPU
		{A8B8EF39-6093-459F-820D-8F848AB15E8C}.Release|x64.Build.0 = Release|Any CPU
		{A8B8EF39-6093-459F-820D-8F848AB15E8C}.Release|x64.Deploy.0 = Release|Any CPU
		{A8B8EF39-6093-459F-820D-8F848AB15E8C}.Release|x86.ActiveCfg = Release|Any CPU
		{A8B8EF39-6093-459F-820D-8F848AB15E8C}.Release|x86.Build.0 = Release|Any CPU
		{A8B8EF39-6093-459F-820D-8F848AB15E8C}.Release|x86.Deploy.0 = Release|Any CPU
		{E5B9B007-B897-42B6-870B-5925AAD091D6}.Ad-Hoc|Any CPU.ActiveCfg = Ad-Hoc|iPhone
		{E5B9B007-B897-42B6-870B-5925AAD091D6}.Ad-Hoc|Any CPU.Build.0 = Ad-Hoc|iPhone
		{E5B9B007-B897-42B6-870B-5925AAD091D6}.Ad-Hoc|Any CPU.Deploy.0 = Ad-Hoc|iPhone
		{E5B9B007-B897-42B6-870B-5925AAD091D6}.Ad-Hoc|ARM.ActiveCfg = Ad-Hoc|iPhone
		{E5B9B007-B897-42B6-870B-5925AAD091D6}.Ad-Hoc|ARM.Build.0 = Ad-Hoc|iPhone
		{E5B9B007-B897-42B6-870B-5925AAD091D6}.Ad-Hoc|ARM.Deploy.0 = Ad-Hoc|iPhone
		{E5B9B007-B897-42B6-870B-5925AAD091D6}.Ad-Hoc|iPhone.ActiveCfg = Ad-Hoc|iPhone
		{E5B9B007-B897-42B6-870B-5925AAD091D6}.Ad-Hoc|iPhone.Build.0 = Ad-Hoc|iPhone
		{E5B9B007-B897-42B6-870B-5925AAD091D6}.Ad-Hoc|iPhone.Deploy.0 = Ad-Hoc|iPhone
		{E5B9B007-B897-42B6-870B-5925AAD091D6}.Ad-Hoc|iPhoneSimulator.ActiveCfg = Ad-Hoc|iPhoneSimulator
		{E5B9B007-B897-42B6-870B-5925AAD091D6}.Ad-Hoc|iPhoneSimulator.Build.0 = Ad-Hoc|iPhoneSimulator
		{E5B9B007-B897-42B6-870B-5925AAD091D6}.Ad-Hoc|iPhoneSimulator.Deploy.0 = Ad-Hoc|iPhoneSimulator
		{E5B9B007-B897-42B6-870B-5925AAD091D6}.Ad-Hoc|x64.ActiveCfg = Ad-Hoc|iPhone
		{E5B9B007-B897-42B6-870B-5925AAD091D6}.Ad-Hoc|x64.Build.0 = Ad-Hoc|iPhone
		{E5B9B007-B897-42B6-870B-5925AAD091D6}.Ad-Hoc|x64.Deploy.0 = Ad-Hoc|iPhone
		{E5B9B007-B897-42B6-870B-5925AAD091D6}.Ad-Hoc|x86.ActiveCfg = Ad-Hoc|iPhone
		{E5B9B007-B897-42B6-870B-5925AAD091D6}.Ad-Hoc|x86.Build.0 = Ad-Hoc|iPhone
		{E5B9B007-B897-42B6-870B-5925AAD091D6}.Ad-Hoc|x86.Deploy.0 = Ad-Hoc|iPhone
		{E5B9B007-B897-42B6-870B-5925AAD091D6}.AppStore|Any CPU.ActiveCfg = AppStore|iPhone
		{E5B9B007-B897-42B6-870B-5925AAD091D6}.AppStore|Any CPU.Build.0 = AppStore|iPhone
		{E5B9B007-B897-42B6-870B-5925AAD091D6}.AppStore|Any CPU.Deploy.0 = AppStore|iPhone
		{E5B9B007-B897-42B6-870B-5925AAD091D6}.AppStore|ARM.ActiveCfg = AppStore|iPhone
		{E5B9B007-B897-42B6-870B-5925AAD091D6}.AppStore|ARM.Build.0 = AppStore|iPhone
		{E5B9B007-B897-42B6-870B-5925AAD091D6}.AppStore|ARM.Deploy.0 = AppStore|iPhone
		{E5B9B007-B897-42B6-870B-5925AAD091D6}.AppStore|iPhone.ActiveCfg = AppStore|iPhone
		{E5B9B007-B897-42B6-870B-5925AAD091D6}.AppStore|iPhone.Build.0 = AppStore|iPhone
		{E5B9B007-B897-42B6-870B-5925AAD091D6}.AppStore|iPhone.Deploy.0 = AppStore|iPhone
		{E5B9B007-B897-42B6-870B-5925AAD091D6}.AppStore|iPhoneSimulator.ActiveCfg = AppStore|iPhoneSimulator
		{E5B9B007-B897-42B6-870B-5925AAD091D6}.AppStore|iPhoneSimulator.Build.0 = AppStore|iPhoneSimulator
		{E5B9B007-B897-42B6-870B-5925AAD091D6}.AppStore|iPhoneSimulator.Deploy.0 = AppStore|iPhoneSimulator
		{E5B9B007-B897-42B6-870B-5925AAD091D6}.AppStore|x64.ActiveCfg = AppStore|iPhone
		{E5B9B007-B897-42B6-870B-5925AAD091D6}.AppStore|x64.Build.0 = AppStore|iPhone
		{E5B9B007-B897-42B6-870B-5925AAD091D6}.AppStore|x64.Deploy.0 = AppStore|iPhone
		{E5B9B007-B897-42B6-870B-5925AAD091D6}.AppStore|x86.ActiveCfg = AppStore|iPhone
		{E5B9B007-B897-42B6-870B-5925AAD091D6}.AppStore|x86.Build.0 = AppStore|iPhone
		{E5B9B007-B897-42B6-870B-5925AAD091D6}.AppStore|x86.Deploy.0 = AppStore|iPhone
		{E5B9B007-B897-42B6-870B-5925AAD091D6}.Debug|Any CPU.ActiveCfg = Debug|iPhoneSimulator
		{E5B9B007-B897-42B6-870B-5925AAD091D6}.Debug|Any CPU.Build.0 = Debug|iPhoneSimulator
		{E5B9B007-B897-42B6-870B-5925AAD091D6}.Debug|Any CPU.Deploy.0 = Debug|iPhoneSimulator
		{E5B9B007-B897-42B6-870B-5925AAD091D6}.Debug|ARM.ActiveCfg = Debug|iPhone
		{E5B9B007-B897-42B6-870B-5925AAD091D6}.Debug|ARM.Build.0 = Debug|iPhone
		{E5B9B007-B897-42B6-870B-5925AAD091D6}.Debug|ARM.Deploy.0 = Debug|iPhone
		{E5B9B007-B897-42B6-870B-5925AAD091D6}.Debug|iPhone.ActiveCfg = Debug|iPhone
		{E5B9B007-B897-42B6-870B-5925AAD091D6}.Debug|iPhone.Build.0 = Debug|iPhone
		{E5B9B007-B897-42B6-870B-5925AAD091D6}.Debug|iPhone.Deploy.0 = Debug|iPhone
		{E5B9B007-B897-42B6-870B-5925AAD091D6}.Debug|iPhoneSimulator.ActiveCfg = Debug|iPhoneSimulator
		{E5B9B007-B897-42B6-870B-5925AAD091D6}.Debug|iPhoneSimulator.Build.0 = Debug|iPhoneSimulator
		{E5B9B007-B897-42B6-870B-5925AAD091D6}.Debug|iPhoneSimulator.Deploy.0 = Debug|iPhoneSimulator
		{E5B9B007-B897-42B6-870B-5925AAD091D6}.Debug|x64.ActiveCfg = Debug|iPhone
		{E5B9B007-B897-42B6-870B-5925AAD091D6}.Debug|x64.Build.0 = Debug|iPhone
		{E5B9B007-B897-42B6-870B-5925AAD091D6}.Debug|x64.Deploy.0 = Debug|iPhone
		{E5B9B007-B897-42B6-870B-5925AAD091D6}.Debug|x86.ActiveCfg = Debug|iPhone
		{E5B9B007-B897-42B6-870B-5925AAD091D6}.Debug|x86.Build.0 = Debug|iPhone
		{E5B9B007-B897-42B6-870B-5925AAD091D6}.Debug|x86.Deploy.0 = Debug|iPhone
		{E5B9B007-B897-42B6-870B-5925AAD091D6}.Release|Any CPU.ActiveCfg = Release|iPhone
		{E5B9B007-B897-42B6-870B-5925AAD091D6}.Release|Any CPU.Build.0 = Release|iPhone
		{E5B9B007-B897-42B6-870B-5925AAD091D6}.Release|Any CPU.Deploy.0 = Release|iPhone
		{E5B9B007-B897-42B6-870B-5925AAD091D6}.Release|ARM.ActiveCfg = Release|iPhone
		{E5B9B007-B897-42B6-870B-5925AAD091D6}.Release|ARM.Build.0 = Release|iPhone
		{E5B9B007-B897-42B6-870B-5925AAD091D6}.Release|ARM.Deploy.0 = Release|iPhone
		{E5B9B007-B897-42B6-870B-5925AAD091D6}.Release|iPhone.ActiveCfg = Release|iPhone
		{E5B9B007-B897-42B6-870B-5925AAD091D6}.Release|iPhone.Build.0 = Release|iPhone
		{E5B9B007-B897-42B6-870B-5925AAD091D6}.Release|iPhone.Deploy.0 = Release|iPhone
		{E5B9B007-B897-42B6-870B-5925AAD091D6}.Release|iPhoneSimulator.ActiveCfg = Release|iPhoneSimulator
		{E5B9B007-B897-42B6-870B-5925AAD091D6}.Release|iPhoneSimulator.Build.0 = Release|iPhoneSimulator
		{E5B9B007-B897-42B6-870B-5925AAD091D6}.Release|iPhoneSimulator.Deploy.0 = Release|iPhoneSimulator
		{E5B9B007-B897-42B6-870B-5925AAD091D6}.Release|x64.ActiveCfg = Release|iPhone
		{E5B9B007-B897-42B6-870B-5925AAD091D6}.Release|x64.Build.0 = Release|iPhone
		{E5B9B007-B897-42B6-870B-5925AAD091D6}.Release|x64.Deploy.0 = Release|iPhone
		{E5B9B007-B897-42B6-870B-5925AAD091D6}.Release|x86.ActiveCfg = Release|iPhone
		{E5B9B007-B897-42B6-870B-5925AAD091D6}.Release|x86.Build.0 = Release|iPhone
		{E5B9B007-B897-42B6-870B-5925AAD091D6}.Release|x86.Deploy.0 = Release|iPhone
		{087E06A4-8E07-4873-924F-26AB44967F19}.Ad-Hoc|Any CPU.ActiveCfg = Release|x86
		{087E06A4-8E07-4873-924F-26AB44967F19}.Ad-Hoc|Any CPU.Build.0 = Release|x86
		{087E06A4-8E07-4873-924F-26AB44967F19}.Ad-Hoc|Any CPU.Deploy.0 = Release|x86
		{087E06A4-8E07-4873-924F-26AB44967F19}.Ad-Hoc|ARM.ActiveCfg = Release|ARM
		{087E06A4-8E07-4873-924F-26AB44967F19}.Ad-Hoc|ARM.Build.0 = Release|ARM
		{087E06A4-8E07-4873-924F-26AB44967F19}.Ad-Hoc|ARM.Deploy.0 = Release|ARM
		{087E06A4-8E07-4873-924F-26AB44967F19}.Ad-Hoc|iPhone.ActiveCfg = Release|x86
		{087E06A4-8E07-4873-924F-26AB44967F19}.Ad-Hoc|iPhone.Build.0 = Release|x86
		{087E06A4-8E07-4873-924F-26AB44967F19}.Ad-Hoc|iPhone.Deploy.0 = Release|x86
		{087E06A4-8E07-4873-924F-26AB44967F19}.Ad-Hoc|iPhoneSimulator.ActiveCfg = Release|x86
		{087E06A4-8E07-4873-924F-26AB44967F19}.Ad-Hoc|iPhoneSimulator.Build.0 = Release|x86
		{087E06A4-8E07-4873-924F-26AB44967F19}.Ad-Hoc|iPhoneSimulator.Deploy.0 = Release|x86
		{087E06A4-8E07-4873-924F-26AB44967F19}.Ad-Hoc|x64.ActiveCfg = Release|x64
		{087E06A4-8E07-4873-924F-26AB44967F19}.Ad-Hoc|x64.Build.0 = Release|x64
		{087E06A4-8E07-4873-924F-26AB44967F19}.Ad-Hoc|x64.Deploy.0 = Release|x64
		{087E06A4-8E07-4873-924F-26AB44967F19}.Ad-Hoc|x86.ActiveCfg = Release|x86
		{087E06A4-8E07-4873-924F-26AB44967F19}.Ad-Hoc|x86.Build.0 = Release|x86
		{087E06A4-8E07-4873-924F-26AB44967F19}.Ad-Hoc|x86.Deploy.0 = Release|x86
		{087E06A4-8E07-4873-924F-26AB44967F19}.AppStore|Any CPU.ActiveCfg = Release|x86
		{087E06A4-8E07-4873-924F-26AB44967F19}.AppStore|Any CPU.Build.0 = Release|x86
		{087E06A4-8E07-4873-924F-26AB44967F19}.AppStore|Any CPU.Deploy.0 = Release|x86
		{087E06A4-8E07-4873-924F-26AB44967F19}.AppStore|ARM.ActiveCfg = Release|ARM
		{087E06A4-8E07-4873-924F-26AB44967F19}.AppStore|ARM.Build.0 = Release|ARM
		{087E06A4-8E07-4873-924F-26AB44967F19}.AppStore|ARM.Deploy.0 = Release|ARM
		{087E06A4-8E07-4873-924F-26AB44967F19}.AppStore|iPhone.ActiveCfg = Release|x86
		{087E06A4-8E07-4873-924F-26AB44967F19}.AppStore|iPhone.Build.0 = Release|x86
		{087E06A4-8E07-4873-924F-26AB44967F19}.AppStore|iPhone.Deploy.0 = Release|x86
		{087E06A4-8E07-4873-924F-26AB44967F19}.AppStore|iPhoneSimulator.ActiveCfg = Release|x86
		{087E06A4-8E07-4873-924F-26AB44967F19}.AppStore|iPhoneSimulator.Build.0 = Release|x86
		{087E06A4-8E07-4873-924F-26AB44967F19}.AppStore|iPhoneSimulator.Deploy.0 = Release|x86
		{087E06A4-8E07-4873-924F-26AB44967F19}.AppStore|x64.ActiveCfg = Release|x64
		{087E06A4-8E07-4873-924F-26AB44967F19}.AppStore|x64.Build.0 = Release|x64
		{087E06A4-8E07-4873-924F-26AB44967F19}.AppStore|x64.Deploy.0 = Release|x64
		{087E06A4-8E07-4873-924F-26AB44967F19}.AppStore|x86.ActiveCfg = Release|x86
		{087E06A4-8E07-4873-924F-26AB44967F19}.AppStore|x86.Build.0 = Release|x86
		{087E06A4-8E07-4873-924F-26AB44967F19}.AppStore|x86.Deploy.0 = Release|x86
		{087E06A4-8E07-4873-924F-26AB44967F19}.Debug|Any CPU.ActiveCfg = Debug|x86
		{087E06A4-8E07-4873-924F-26AB44967F19}.Debug|Any CPU.Build.0 = Debug|x86
		{087E06A4-8E07-4873-924F-26AB44967F19}.Debug|Any CPU.Deploy.0 = Debug|x86
		{087E06A4-8E07-4873-924F-26AB44967F19}.Debug|ARM.ActiveCfg = Debug|ARM
		{087E06A4-8E07-4873-924F-26AB44967F19}.Debug|ARM.Build.0 = Debug|ARM
		{087E06A4-8E07-4873-924F-26AB44967F19}.Debug|ARM.Deploy.0 = Debug|ARM
		{087E06A4-8E07-4873-924F-26AB44967F19}.Debug|iPhone.ActiveCfg = Debug|x86
		{087E06A4-8E07-4873-924F-26AB44967F19}.Debug|iPhone.Build.0 = Debug|x86
		{087E06A4-8E07-4873-924F-26AB44967F19}.Debug|iPhone.Deploy.0 = Debug|x86
		{087E06A4-8E07-4873-924F-26AB44967F19}.Debug|iPhoneSimulator.ActiveCfg = Debug|x86
		{087E06A4-8E07-4873-924F-26AB44967F19}.Debug|iPhoneSimulator.Build.0 = Debug|x86
		{087E06A4-8E07-4873-924F-26AB44967F19}.Debug|iPhoneSimulator.Deploy.0 = Debug|x86
		{087E06A4-8E07-4873-924F-26AB44967F19}.Debug|x64.ActiveCfg = Debug|x64
		{087E06A4-8E07-4873-924F-26AB44967F19}.Debug|x64.Build.0 = Debug|x64
		{087E06A4-8E07-4873-924F-26AB44967F19}.Debug|x64.Deploy.0 = Debug|x64
		{087E06A4-8E07-4873-924F-26AB44967F19}.Debug|x86.ActiveCfg = Debug|x86
		{087E06A4-8E07-4873-924F-26AB44967F19}.Debug|x86.Build.0 = Debug|x86
		{087E06A4-8E07-4873-924F-26AB44967F19}.Debug|x86.Deploy.0 = Debug|x86
		{087E06A4-8E07-4873-924F-26AB44967F19}.Release|Any CPU.ActiveCfg = Release|x86
		{087E06A4-8E07-4873-924F-26AB44967F19}.Release|Any CPU.Build.0 = Release|x86
		{087E06A4-8E07-4873-924F-26AB44967F19}.Release|Any CPU.Deploy.0 = Release|x86
		{087E06A4-8E07-4873-924F-26AB44967F19}.Release|ARM.ActiveCfg = Release|ARM
		{087E06A4-8E07-4873-924F-26AB44967F19}.Release|ARM.Build.0 = Release|ARM
		{087E06A4-8E07-4873-924F-26AB44967F19}.Release|ARM.Deploy.0 = Release|ARM
		{087E06A4-8E07-4873-924F-26AB44967F19}.Release|iPhone.ActiveCfg = Release|x86
		{087E06A4-8E07-4873-924F-26AB44967F19}.Release|iPhone.Build.0 = Release|x86
		{087E06A4-8E07-4873-924F-26AB44967F19}.Release|iPhone.Deploy.0 = Release|x86
		{087E06A4-8E07-4873-924F-26AB44967F19}.Release|iPhoneSimulator.ActiveCfg = Release|x86
		{087E06A4-8E07-4873-924F-26AB44967F19}.Release|iPhoneSimulator.Build.0 = Release|x86
		{087E06A4-8E07-4873-924F-26AB44967F19}.Release|iPhoneSimulator.Deploy.0 = Release|x86
		{087E06A4-8E07-4873-924F-26AB44967F19}.Release|x64.ActiveCfg = Release|x64
		{087E06A4-8E07-4873-924F-26AB44967F19}.Release|x64.Build.0 = Release|x64
		{087E06A4-8E07-4873-924F-26AB44967F19}.Release|x64.Deploy.0 = Release|x64
		{087E06A4-8E07-4873-924F-26AB44967F19}.Release|x86.ActiveCfg = Release|x86
		{087E06A4-8E07-4873-924F-26AB44967F19}.Release|x86.Build.0 = Release|x86
		{087E06A4-8E07-4873-924F-26AB44967F19}.Release|x86.Deploy.0 = Release|x86
		{DD8748DE-1707-4A43-991F-8B3F6D104CF8}.Ad-Hoc|Any CPU.ActiveCfg = Debug|Any CPU
		{DD8748DE-1707-4A43-991F-8B3F6D104CF8}.Ad-Hoc|Any CPU.Build.0 = Debug|Any CPU
		{DD8748DE-1707-4A43-991F-8B3F6D104CF8}.Ad-Hoc|Any CPU.Deploy.0 = Debug|Any CPU
		{DD8748DE-1707-4A43-991F-8B3F6D104CF8}.Ad-Hoc|ARM.ActiveCfg = Debug|Any CPU
		{DD8748DE-1707-4A43-991F-8B3F6D104CF8}.Ad-Hoc|ARM.Build.0 = Debug|Any CPU
		{DD8748DE-1707-4A43-991F-8B3F6D104CF8}.Ad-Hoc|ARM.Deploy.0 = Debug|Any CPU
		{DD8748DE-1707-4A43-991F-8B3F6D104CF8}.Ad-Hoc|iPhone.ActiveCfg = Debug|Any CPU
		{DD8748DE-1707-4A43-991F-8B3F6D104CF8}.Ad-Hoc|iPhone.Build.0 = Debug|Any CPU
		{DD8748DE-1707-4A43-991F-8B3F6D104CF8}.Ad-Hoc|iPhone.Deploy.0 = Debug|Any CPU
		{DD8748DE-1707-4A43-991F-8B3F6D104CF8}.Ad-Hoc|iPhoneSimulator.ActiveCfg = Debug|Any CPU
		{DD8748DE-1707-4A43-991F-8B3F6D104CF8}.Ad-Hoc|iPhoneSimulator.Build.0 = Debug|Any CPU
		{DD8748DE-1707-4A43-991F-8B3F6D104CF8}.Ad-Hoc|iPhoneSimulator.Deploy.0 = Debug|Any CPU
		{DD8748DE-1707-4A43-991F-8B3F6D104CF8}.Ad-Hoc|x64.ActiveCfg = Debug|Any CPU
		{DD8748DE-1707-4A43-991F-8B3F6D104CF8}.Ad-Hoc|x64.Build.0 = Debug|Any CPU
		{DD8748DE-1707-4A43-991F-8B3F6D104CF8}.Ad-Hoc|x64.Deploy.0 = Debug|Any CPU
		{DD8748DE-1707-4A43-991F-8B3F6D104CF8}.Ad-Hoc|x86.ActiveCfg = Debug|Any CPU
		{DD8748DE-1707-4A43-991F-8B3F6D104CF8}.Ad-Hoc|x86.Build.0 = Debug|Any CPU
		{DD8748DE-1707-4A43-991F-8B3F6D104CF8}.Ad-Hoc|x86.Deploy.0 = Debug|Any CPU
		{DD8748DE-1707-4A43-991F-8B3F6D104CF8}.AppStore|Any CPU.ActiveCfg = Debug|Any CPU
		{DD8748DE-1707-4A43-991F-8B3F6D104CF8}.AppStore|Any CPU.Build.0 = Debug|Any CPU
		{DD8748DE-1707-4A43-991F-8B3F6D104CF8}.AppStore|Any CPU.Deploy.0 = Debug|Any CPU
		{DD8748DE-1707-4A43-991F-8B3F6D104CF8}.AppStore|ARM.ActiveCfg = Debug|Any CPU
		{DD8748DE-1707-4A43-991F-8B3F6D104CF8}.AppStore|ARM.Build.0 = Debug|Any CPU
		{DD8748DE-1707-4A43-991F-8B3F6D104CF8}.AppStore|ARM.Deploy.0 = Debug|Any CPU
		{DD8748DE-1707-4A43-991F-8B3F6D104CF8}.AppStore|iPhone.ActiveCfg = Debug|Any CPU
		{DD8748DE-1707-4A43-991F-8B3F6D104CF8}.AppStore|iPhone.Build.0 = Debug|Any CPU
		{DD8748DE-1707-4A43-991F-8B3F6D104CF8}.AppStore|iPhone.Deploy.0 = Debug|Any CPU
		{DD8748DE-1707-4A43-991F-8B3F6D104CF8}.AppStore|iPhoneSimulator.ActiveCfg = Debug|Any CPU
		{DD8748DE-1707-4A43-991F-8B3F6D104CF8}.AppStore|iPhoneSimulator.Build.0 = Debug|Any CPU
		{DD8748DE-1707-4A43-991F-8B3F6D104CF8}.AppStore|iPhoneSimulator.Deploy.0 = Debug|Any CPU
		{DD8748DE-1707-4A43-991F-8B3F6D104CF8}.AppStore|x64.ActiveCfg = Debug|Any CPU
		{DD8748DE-1707-4A43-991F-8B3F6D104CF8}.AppStore|x64.Build.0 = Debug|Any CPU
		{DD8748DE-1707-4A43-991F-8B3F6D104CF8}.AppStore|x64.Deploy.0 = Debug|Any CPU
		{DD8748DE-1707-4A43-991F-8B3F6D104CF8}.AppStore|x86.ActiveCfg = Debug|Any CPU
		{DD8748DE-1707-4A43-991F-8B3F6D104CF8}.AppStore|x86.Build.0 = Debug|Any CPU
		{DD8748DE-1707-4A43-991F-8B3F6D104CF8}.AppStore|x86.Deploy.0 = Debug|Any CPU
		{DD8748DE-1707-4A43-991F-8B3F6D104CF8}.Debug|Any CPU.ActiveCfg = Debug|Any CPU
		{DD8748DE-1707-4A43-991F-8B3F6D104CF8}.Debug|Any CPU.Build.0 = Debug|Any CPU
		{DD8748DE-1707-4A43-991F-8B3F6D104CF8}.Debug|Any CPU.Deploy.0 = Debug|Any CPU
		{DD8748DE-1707-4A43-991F-8B3F6D104CF8}.Debug|ARM.ActiveCfg = Debug|Any CPU
		{DD8748DE-1707-4A43-991F-8B3F6D104CF8}.Debug|ARM.Build.0 = Debug|Any CPU
		{DD8748DE-1707-4A43-991F-8B3F6D104CF8}.Debug|ARM.Deploy.0 = Debug|Any CPU
		{DD8748DE-1707-4A43-991F-8B3F6D104CF8}.Debug|iPhone.ActiveCfg = Debug|Any CPU
		{DD8748DE-1707-4A43-991F-8B3F6D104CF8}.Debug|iPhone.Build.0 = Debug|Any CPU
		{DD8748DE-1707-4A43-991F-8B3F6D104CF8}.Debug|iPhone.Deploy.0 = Debug|Any CPU
		{DD8748DE-1707-4A43-991F-8B3F6D104CF8}.Debug|iPhoneSimulator.ActiveCfg = Debug|Any CPU
		{DD8748DE-1707-4A43-991F-8B3F6D104CF8}.Debug|iPhoneSimulator.Build.0 = Debug|Any CPU
		{DD8748DE-1707-4A43-991F-8B3F6D104CF8}.Debug|iPhoneSimulator.Deploy.0 = Debug|Any CPU
		{DD8748DE-1707-4A43-991F-8B3F6D104CF8}.Debug|x64.ActiveCfg = Debug|Any CPU
		{DD8748DE-1707-4A43-991F-8B3F6D104CF8}.Debug|x64.Build.0 = Debug|Any CPU
		{DD8748DE-1707-4A43-991F-8B3F6D104CF8}.Debug|x64.Deploy.0 = Debug|Any CPU
		{DD8748DE-1707-4A43-991F-8B3F6D104CF8}.Debug|x86.ActiveCfg = Debug|Any CPU
		{DD8748DE-1707-4A43-991F-8B3F6D104CF8}.Debug|x86.Build.0 = Debug|Any CPU
		{DD8748DE-1707-4A43-991F-8B3F6D104CF8}.Debug|x86.Deploy.0 = Debug|Any CPU
		{DD8748DE-1707-4A43-991F-8B3F6D104CF8}.Release|Any CPU.ActiveCfg = Release|Any CPU
		{DD8748DE-1707-4A43-991F-8B3F6D104CF8}.Release|Any CPU.Build.0 = Release|Any CPU
		{DD8748DE-1707-4A43-991F-8B3F6D104CF8}.Release|Any CPU.Deploy.0 = Release|Any CPU
		{DD8748DE-1707-4A43-991F-8B3F6D104CF8}.Release|ARM.ActiveCfg = Release|Any CPU
		{DD8748DE-1707-4A43-991F-8B3F6D104CF8}.Release|ARM.Build.0 = Release|Any CPU
		{DD8748DE-1707-4A43-991F-8B3F6D104CF8}.Release|ARM.Deploy.0 = Release|Any CPU
		{DD8748DE-1707-4A43-991F-8B3F6D104CF8}.Release|iPhone.ActiveCfg = Release|Any CPU
		{DD8748DE-1707-4A43-991F-8B3F6D104CF8}.Release|iPhone.Build.0 = Release|Any CPU
		{DD8748DE-1707-4A43-991F-8B3F6D104CF8}.Release|iPhone.Deploy.0 = Release|Any CPU
		{DD8748DE-1707-4A43-991F-8B3F6D104CF8}.Release|iPhoneSimulator.ActiveCfg = Release|Any CPU
		{DD8748DE-1707-4A43-991F-8B3F6D104CF8}.Release|iPhoneSimulator.Build.0 = Release|Any CPU
		{DD8748DE-1707-4A43-991F-8B3F6D104CF8}.Release|iPhoneSimulator.Deploy.0 = Release|Any CPU
		{DD8748DE-1707-4A43-991F-8B3F6D104CF8}.Release|x64.ActiveCfg = Release|Any CPU
		{DD8748DE-1707-4A43-991F-8B3F6D104CF8}.Release|x64.Build.0 = Release|Any CPU
		{DD8748DE-1707-4A43-991F-8B3F6D104CF8}.Release|x64.Deploy.0 = Release|Any CPU
		{DD8748DE-1707-4A43-991F-8B3F6D104CF8}.Release|x86.ActiveCfg = Release|Any CPU
		{DD8748DE-1707-4A43-991F-8B3F6D104CF8}.Release|x86.Build.0 = Release|Any CPU
		{DD8748DE-1707-4A43-991F-8B3F6D104CF8}.Release|x86.Deploy.0 = Release|Any CPU
	EndGlobalSection
	GlobalSection(SolutionProperties) = preSolution
		HideSolutionNode = FALSE
	EndGlobalSection
	GlobalSection(ExtensibilityGlobals) = postSolution
		SolutionGuid = {BE5725B4-B50E-4F65-9D51-5A5EBD009D58}
	EndGlobalSection
EndGlobal
